
Microsoft Visual Studio Solution File, Format Version 12.00
# Visual Studio Version 17
VisualStudioVersion = 17.9.34701.34
MinimumVisualStudioVersion = 10.0.40219.1
Project("{FAE04EC0-301F-11D3-BF4B-00C04F79EFBC}") = "MaximalnaPliohtadka", "MaximalnaPliohtadka\MaximalnaPliohtadka.csproj", "{4EDA5616-B6C8-4A86-AD41-B1ED9F6AC402}"
EndProject
Project("{FAE04EC0-301F-11D3-BF4B-00C04F79EFBC}") = "TriugulnikNaPaskal", "TriugulnikNaPaskal\TriugulnikNaPaskal.csproj", "{CD3047E4-FC35-4F28-9245-729C66AC9DAC}"
EndProject
Project("{FAE04EC0-301F-11D3-BF4B-00C04F79EFBC}") = "Tablichka", "Tablichka\Tablichka.csproj", "{B52FCBC7-E6D8-4080-A3DF-FBE47D232853}"
EndProject
Global
	GlobalSection(SolutionConfigurationPlatforms) = preSolution
		Debug|Any CPU = Debug|Any CPU
		Release|Any CPU = Release|Any CPU
	EndGlobalSection
	GlobalSection(ProjectConfigurationPlatforms) = postSolution
		{4EDA5616-B6C8-4A86-AD41-B1ED9F6AC402}.Debug|Any CPU.ActiveCfg = Debug|Any CPU
		{4EDA5616-B6C8-4A86-AD41-B1ED9F6AC402}.Debug|Any CPU.Build.0 = Debug|Any CPU
		{4EDA5616-B6C8-4A86-AD41-B1ED9F6AC402}.Release|Any CPU.ActiveCfg = Release|Any CPU
		{4EDA5616-B6C8-4A86-AD41-B1ED9F6AC402}.Release|Any CPU.Build.0 = Release|Any CPU
		{CD3047E4-FC35-4F28-9245-729C66AC9DAC}.Debug|Any CPU.ActiveCfg = Debug|Any CPU
		{CD3047E4-FC35-4F28-9245-729C66AC9DAC}.Debug|Any CPU.Build.0 = Debug|Any CPU
		{CD3047E4-FC35-4F28-9245-729C66AC9DAC}.Release|Any CPU.ActiveCfg = Release|Any CPU
		{CD3047E4-FC35-4F28-9245-729C66AC9DAC}.Release|Any CPU.Build.0 = Release|Any CPU
		{B52FCBC7-E6D8-4080-A3DF-FBE47D232853}.Debug|Any CPU.ActiveCfg = Debug|Any CPU
		{B52FCBC7-E6D8-4080-A3DF-FBE47D232853}.Debug|Any CPU.Build.0 = Debug|Any CPU
		{B52FCBC7-E6D8-4080-A3DF-FBE47D232853}.Release|Any CPU.ActiveCfg = Release|Any CPU
		{B52FCBC7-E6D8-4080-A3DF-FBE47D232853}.Release|Any CPU.Build.0 = Release|Any CPU
	EndGlobalSection
	GlobalSection(SolutionProperties) = preSolution
		HideSolutionNode = FALSE
	EndGlobalSection
	GlobalSection(ExtensibilityGlobals) = postSolution
		SolutionGuid = {C4239086-9550-4D02-8757-05DDAAE70301}
	EndGlobalSection
EndGlobal
